// !$*UTF8*$!
{
	archiveVersion = 1;
	classes = {
	};
	objectVersion = 46;
	objects = {

/* Begin PBXBuildFile section */
		B8C135831CF0AC730089E78B /* AppDelegate.swift in Sources */ = {isa = PBXBuildFile; fileRef = B8C135821CF0AC730089E78B /* AppDelegate.swift */; };
		B8C135851CF0AC730089E78B /* ViewController.swift in Sources */ = {isa = PBXBuildFile; fileRef = B8C135841CF0AC730089E78B /* ViewController.swift */; };
		B8C135881CF0AC730089E78B /* Main.storyboard in Resources */ = {isa = PBXBuildFile; fileRef = B8C135861CF0AC730089E78B /* Main.storyboard */; };
		B8C1358A1CF0AC730089E78B /* Assets.xcassets in Resources */ = {isa = PBXBuildFile; fileRef = B8C135891CF0AC730089E78B /* Assets.xcassets */; };
		B8C1358D1CF0AC730089E78B /* LaunchScreen.storyboard in Resources */ = {isa = PBXBuildFile; fileRef = B8C1358B1CF0AC730089E78B /* LaunchScreen.storyboard */; };
/* End PBXBuildFile section */

/* Begin PBXFileReference section */
		B8C1357F1CF0AC730089E78B /* A E S T H E T I C A M.app */ = {isa = PBXFileReference; explicitFileType = wrapper.application; includeInIndex = 0; path = "A E S T H E T I C A M.app"; sourceTree = BUILT_PRODUCTS_DIR; };
		B8C135821CF0AC730089E78B /* AppDelegate.swift */ = {isa = PBXFileReference; lastKnownFileType = sourcecode.swift; path = AppDelegate.swift; sourceTree = "<group>"; };
		B8C135841CF0AC730089E78B /* ViewController.swift */ = {isa = PBXFileReference; lastKnownFileType = sourcecode.swift; path = ViewController.swift; sourceTree = "<group>"; };
		B8C135871CF0AC730089E78B /* Base */ = {isa = PBXFileReference; lastKnownFileType = file.storyboard; name = Base; path = Base.lproj/Main.storyboard; sourceTree = "<group>"; };
		B8C135891CF0AC730089E78B /* Assets.xcassets */ = {isa = PBXFileReference; lastKnownFileType = folder.assetcatalog; path = Assets.xcassets; sourceTree = "<group>"; };
		B8C1358C1CF0AC730089E78B /* Base */ = {isa = PBXFileReference; lastKnownFileType = file.storyboard; name = Base; path = Base.lproj/LaunchScreen.storyboard; sourceTree = "<group>"; };
		B8C1358E1CF0AC730089E78B /* Info.plist */ = {isa = PBXFileReference; lastKnownFileType = text.plist.xml; path = Info.plist; sourceTree = "<group>"; };
/* End PBXFileReference section */

/* Begin PBXFrameworksBuildPhase section */
		B8C1357C1CF0AC730089E78B /* Frameworks */ = {
			isa = PBXFrameworksBuildPhase;
			buildActionMask = 2147483647;
			files = (
			);
			runOnlyForDeploymentPostprocessing = 0;
		};
/* End PBXFrameworksBuildPhase section */

/* Begin PBXGroup section */
		B8C135761CF0AC730089E78B = {
			isa = PBXGroup;
			children = (
				B8C135811CF0AC730089E78B /* A E S T H E T I C A M */,
				B8C135801CF0AC730089E78B /* Products */,
			);
			sourceTree = "<group>";
		};
		B8C135801CF0AC730089E78B /* Products */ = {
			isa = PBXGroup;
			children = (
				B8C1357F1CF0AC730089E78B /* A E S T H E T I C A M.app */,
			);
			name = Products;
			sourceTree = "<group>";
		};
		B8C135811CF0AC730089E78B /* A E S T H E T I C A M */ = {
			isa = PBXGroup;
			children = (
				B8C135821CF0AC730089E78B /* AppDelegate.swift */,
				B8C135841CF0AC730089E78B /* ViewController.swift */,
				B8C135861CF0AC730089E78B /* Main.storyboard */,
				B8C135891CF0AC730089E78B /* Assets.xcassets */,
				B8C1358B1CF0AC730089E78B /* LaunchScreen.storyboard */,
				B8C1358E1CF0AC730089E78B /* Info.plist */,
			);
			path = "A E S T H E T I C A M";
			sourceTree = "<group>";
		};
/* End PBXGroup section */

/* Begin PBXNativeTarget section */
		B8C1357E1CF0AC730089E78B /* A E S T H E T I C A M */ = {
			isa = PBXNativeTarget;
			buildConfigurationList = B8C135911CF0AC730089E78B /* Build configuration list for PBXNativeTarget "A E S T H E T I C A M" */;
			buildPhases = (
				B8C1357B1CF0AC730089E78B /* Sources */,
				B8C1357C1CF0AC730089E78B /* Frameworks */,
				B8C1357D1CF0AC730089E78B /* Resources */,
			);
			buildRules = (
			);
			dependencies = (
			);
			name = "A E S T H E T I C A M";
			productName = "A E S T H E T I C A M";
			productReference = B8C1357F1CF0AC730089E78B /* A E S T H E T I C A M.app */;
			productType = "com.apple.product-type.application";
		};
/* End PBXNativeTarget section */

/* Begin PBXProject section */
		B8C135771CF0AC730089E78B /* Project object */ = {
			isa = PBXProject;
			attributes = {
				LastSwiftUpdateCheck = 0730;
				LastUpgradeCheck = 0730;
				ORGANIZATIONNAME = "Nick Lee";
				TargetAttributes = {
					B8C1357E1CF0AC730089E78B = {
						CreatedOnToolsVersion = 7.3.1;
					};
				};
			};
			buildConfigurationList = B8C1357A1CF0AC730089E78B /* Build configuration list for PBXProject "A E S T H E T I C A M" */;
			compatibilityVersion = "Xcode 3.2";
			developmentRegion = English;
			hasScannedForEncodings = 0;
			knownRegions = (
				en,
				Base,
			);
			mainGroup = B8C135761CF0AC730089E78B;
			productRefGroup = B8C135801CF0AC730089E78B /* Products */;
			projectDirPath = "";
			projectRoot = "";
			targets = (
				B8C1357E1CF0AC730089E78B /* A E S T H E T I C A M */,
			);
		};
/* End PBXProject section */

/* Begin PBXResourcesBuildPhase section */
		B8C1357D1CF0AC730089E78B /* Resources */ = {
			isa = PBXResourcesBuildPhase;
			buildActionMask = 2147483647;
			files = (
				B8C1358D1CF0AC730089E78B /* LaunchScreen.storyboard in Resources */,
				B8C1358A1CF0AC730089E78B /* Assets.xcassets in Resources */,
				B8C135881CF0AC730089E78B /* Main.storyboard in Resources */,
			);
			runOnlyForDeploymentPostprocessing = 0;
		};
/* End PBXResourcesBuildPhase section */

/* Begin PBXSourcesBuildPhase section */
		B8C1357B1CF0AC730089E78B /* Sources */ = {
			isa = PBXSourcesBuildPhase;
			buildActionMask = 2147483647;
			files = (
				B8C135851CF0AC730089E78B /* ViewController.swift in Sources */,
				B8C135831CF0AC730089E78B /* AppDelegate.swift in Sources */,
			);
			runOnlyForDeploymentPostprocessing = 0;
		};
/* End PBXSourcesBuildPhase section */

/* Begin PBXVariantGroup section */
		B8C135861CF0AC730089E78B /* Main.storyboard */ = {
			isa = PBXVariantGroup;
			children = (
				B8C135871CF0AC730089E78B /* Base */,
			);
			name = Main.storyboard;
			sourceTree = "<group>";
		};
		B8C1358B1CF0AC730089E78B /* LaunchScreen.storyboard */ = {
			isa = PBXVariantGroup;
			children = (
				B8C1358C1CF0AC730089E78B /* Base */,
			);
			name = LaunchScreen.storyboard;
			sourceTree = "<group>";
		};
/* End PBXVariantGroup section */

/* Begin XCBuildConfiguration section */
		B8C1358F1CF0AC730089E78B /* Debug */ = {
			isa = XCBuildConfiguration;
			buildSettings = {
				ALWAYS_SEARCH_USER_PATHS = NO;
				CLANG_ANALYZER_NONNULL = YES;
				CLANG_CXX_LANGUAGE_STANDARD = "gnu++0x";
				CLANG_CXX_LIBRARY = "libc++";
				CLANG_ENABLE_MODULES = YES;
				CLANG_ENABLE_OBJC_ARC = YES;
				CLANG_WARN_BOOL_CONVERSION = YES;
				CLANG_WARN_CONSTANT_CONVERSION = YES;
				CLANG_WARN_DIRECT_OBJC_ISA_USAGE = YES_ERROR;
				CLANG_WARN_EMPTY_BODY = YES;
				CLANG_WARN_ENUM_CONVERSION = YES;
				CLANG_WARN_INT_CONVERSION = YES;
				CLANG_WARN_OBJC_ROOT_CLASS = YES_ERROR;
				CLANG_WARN_UNREACHABLE_CODE = YES;
				CLANG_WARN__DUPLICATE_METHOD_MATCH = YES;
				"CODE_SIGN_IDENTITY[sdk=iphoneos*]" = "iPhone Developer";
				COPY_PHASE_STRIP = NO;
				DEBUG_INFORMATION_FORMAT = dwarf;
				ENABLE_STRICT_OBJC_MSGSEND = YES;
				ENABLE_TESTABILITY = YES;
				GCC_C_LANGUAGE_STANDARD = gnu99;
				GCC_DYNAMIC_NO_PIC = NO;
				GCC_NO_COMMON_BLOCKS = YES;
				GCC_OPTIMIZATION_LEVEL = 0;
				GCC_PREPROCESSOR_DEFINITIONS = (
					"DEBUG=1",
					"$(inherited)",
				);
				GCC_WARN_64_TO_32_BIT_CONVERSION = YES;
				GCC_WARN_ABOUT_RETURN_TYPE = YES_ERROR;
				GCC_WARN_UNDECLARED_SELECTOR = YES;
				GCC_WARN_UNINITIALIZED_AUTOS = YES_AGGRESSIVE;
				GCC_WARN_UNUSED_FUNCTION = YES;
				GCC_WARN_UNUSED_VARIABLE = YES;
				IPHONEOS_DEPLOYMENT_TARGET = 9.3;
				MTL_ENABLE_DEBUG_INFO = YES;
				ONLY_ACTIVE_ARCH = YES;
				SDKROOT = iphoneos;
				SWIFT_OPTIMIZATION_LEVEL = "-Onone";
			};
			name = Debug;
		};
		B8C135901CF0AC730089E78B /* Release */ = {
			isa = XCBuildConfiguration;
			buildSettings = {
				ALWAYS_SEARCH_USER_PATHS = NO;
				CLANG_ANALYZER_NONNULL = YES;
				CLANG_CXX_LANGUAGE_STANDARD = "gnu++0x";
				CLANG_CXX_LIBRARY = "libc++";
				CLANG_ENABLE_MODULES = YES;
				CLANG_ENABLE_OBJC_ARC = YES;
				CLANG_WARN_BOOL_CONVERSION = YES;
				CLANG_WARN_CONSTANT_CONVERSION = YES;
				CLANG_WARN_DIRECT_OBJC_ISA_USAGE = YES_ERROR;
				CLANG_WARN_EMPTY_BODY = YES;
				CLANG_WARN_ENUM_CONVERSION = YES;
				CLANG_WARN_INT_CONVERSION = YES;
				CLANG_WARN_OBJC_ROOT_CLASS = YES_ERROR;
				CLANG_WARN_UNREACHABLE_CODE = YES;
				CLANG_WARN__DUPLICATE_METHOD_MATCH = YES;
				"CODE_SIGN_IDENTITY[sdk=iphoneos*]" = "iPhone Developer";
				COPY_PHASE_STRIP = NO;
				DEBUG_INFORMATION_FORMAT = "dwarf-with-dsym";
				ENABLE_NS_ASSERTIONS = NO;
				ENABLE_STRICT_OBJC_MSGSEND = YES;
				GCC_C_LANGUAGE_STANDARD = gnu99;
				GCC_NO_COMMON_BLOCKS = YES;
				GCC_WARN_64_TO_32_BIT_CONVERSION = YES;
				GCC_WARN_ABOUT_RETURN_TYPE = YES_ERROR;
				GCC_WARN_UNDECLARED_SELECTOR = YES;
				GCC_WARN_UNINITIALIZED_AUTOS = YES_AGGRESSIVE;
				GCC_WARN_UNUSED_FUNCTION = YES;
				GCC_WARN_UNUSED_VARIABLE = YES;
				IPHONEOS_DEPLOYMENT_TARGET = 9.3;
				MTL_ENABLE_DEBUG_INFO = NO;
				SDKROOT = iphoneos;
				VALIDATE_PRODUCT = YES;
			};
			name = Release;
		};
		B8C135921CF0AC730089E78B /* Debug */ = {
			isa = XCBuildConfiguration;
			buildSettings = {
				ASSETCATALOG_COMPILER_APPICON_NAME = AppIcon;
				INFOPLIST_FILE = "A E S T H E T I C A M/Info.plist";
				LD_RUNPATH_SEARCH_PATHS = "$(inherited) @executable_path/Frameworks";
				PRODUCT_BUNDLE_IDENTIFIER = "com.nicholasleedesigns.A-E-S-T-H-E-T-I-C-A-M";
				PRODUCT_NAME = "$(TARGET_NAME)";
			};
			name = Debug;
		};
		B8C135931CF0AC730089E78B /* Release */ = {
			isa = XCBuildConfiguration;
			buildSettings = {
				ASSETCATALOG_COMPILER_APPICON_NAME = AppIcon;
				INFOPLIST_FILE = "A E S T H E T I C A M/Info.plist";
				LD_RUNPATH_SEARCH_PATHS = "$(inherited) @executable_path/Frameworks";
				PRODUCT_BUNDLE_IDENTIFIER = "com.nicholasleedesigns.A-E-S-T-H-E-T-I-C-A-M";
				PRODUCT_NAME = "$(TARGET_NAME)";
			};
			name = Release;
		};
/* End XCBuildConfiguration section */

/* Begin XCConfigurationList section */
		B8C1357A1CF0AC730089E78B /* Build configuration list for PBXProject "A E S T H E T I C A M" */ = {
			isa = XCConfigurationList;
			buildConfigurations = (
				B8C1358F1CF0AC730089E78B /* Debug */,
				B8C135901CF0AC730089E78B /* Release */,
			);
			defaultConfigurationIsVisible = 0;
			defaultConfigurationName = Release;
		};
		B8C135911CF0AC730089E78B /* Build configuration list for PBXNativeTarget "A E S T H E T I C A M" */ = {
			isa = XCConfigurationList;
			buildConfigurations = (
				B8C135921CF0AC730089E78B /* Debug */,
				B8C135931CF0AC730089E78B /* Release */,
			);
			defaultConfigurationIsVisible = 0;
		};
/* End XCConfigurationList section */
	};
	rootObject = B8C135771CF0AC730089E78B /* Project object */;
}
